
Microsoft Visual Studio Solution File, Format Version 12.00
# Visual Studio Version 17
VisualStudioVersion = 17.2.32630.192
MinimumVisualStudioVersion = 10.0.40219.1
Project("{FAE04EC0-301F-11D3-BF4B-00C04F79EFBC}") = "SECONDPROJECT", "SECONDPROJECT\SECONDPROJECT.csproj", "{F6045F8F-084A-4B59-A456-2E1540699FD1}"
EndProject
Global
	GlobalSection(SolutionConfigurationPlatforms) = preSolution
		Debug|Any CPU = Debug|Any CPU
		Release|Any CPU = Release|Any CPU
	EndGlobalSection
	GlobalSection(ProjectConfigurationPlatforms) = postSolution
		{F6045F8F-084A-4B59-A456-2E1540699FD1}.Debug|Any CPU.ActiveCfg = Debug|Any CPU
		{F6045F8F-084A-4B59-A456-2E1540699FD1}.Debug|Any CPU.Build.0 = Debug|Any CPU
		{F6045F8F-084A-4B59-A456-2E1540699FD1}.Release|Any CPU.ActiveCfg = Release|Any CPU
		{F6045F8F-084A-4B59-A456-2E1540699FD1}.Release|Any CPU.Build.0 = Release|Any CPU
	EndGlobalSection
	GlobalSection(SolutionProperties) = preSolution
		HideSolutionNode = FALSE
	EndGlobalSection
	GlobalSection(ExtensibilityGlobals) = postSolution
		SolutionGuid = {BF66A382-44A4-43FD-AD26-B4678A5B8D36}
	EndGlobalSection
EndGlobal
